
Microsoft Visual Studio Solution File, Format Version 12.00
# Visual Studio Version 17
VisualStudioVersion = 17.7.34031.279
MinimumVisualStudioVersion = 10.0.40219.1
Project("{FAE04EC0-301F-11D3-BF4B-00C04F79EFBC}") = "Switch", "Switch\Switch.csproj", "{8FF3F86A-B5EA-4823-B59C-F9873D979AEC}"
EndProject
Global
	GlobalSection(SolutionConfigurationPlatforms) = preSolution
		Debug|Any CPU = Debug|Any CPU
		Release|Any CPU = Release|Any CPU
	EndGlobalSection
	GlobalSection(ProjectConfigurationPlatforms) = postSolution
		{8FF3F86A-B5EA-4823-B59C-F9873D979AEC}.Debug|Any CPU.ActiveCfg = Debug|Any CPU
		{8FF3F86A-B5EA-4823-B59C-F9873D979AEC}.Debug|Any CPU.Build.0 = Debug|Any CPU
		{8FF3F86A-B5EA-4823-B59C-F9873D979AEC}.Release|Any CPU.ActiveCfg = Release|Any CPU
		{8FF3F86A-B5EA-4823-B59C-F9873D979AEC}.Release|Any CPU.Build.0 = Release|Any CPU
	EndGlobalSection
	GlobalSection(SolutionProperties) = preSolution
		HideSolutionNode = FALSE
	EndGlobalSection
	GlobalSection(ExtensibilityGlobals) = postSolution
		SolutionGuid = {4B2BA43F-15EB-49F2-B72C-4F31B4820CF1}
	EndGlobalSection
EndGlobal
